// !$*UTF8*$!
{
	archiveVersion = 1;
	classes = {
	};
	objectVersion = 46;
	objects = {

/* Begin PBXBuildFile section */
		0D00F0E51C08037A005FE630 /* main.m in Sources */ = {isa = PBXBuildFile; fileRef = 0D00F0E41C08037A005FE630 /* main.m */; };
		0D00F0E81C08037A005FE630 /* AppDelegate.m in Sources */ = {isa = PBXBuildFile; fileRef = 0D00F0E71C08037A005FE630 /* AppDelegate.m */; };
		0D00F0EB1C08037A005FE630 /* RootViewController.m in Sources */ = {isa = PBXBuildFile; fileRef = 0D00F0EA1C08037A005FE630 /* RootViewController.m */; };
		0D00F0EE1C08037A005FE630 /* DataViewController.m in Sources */ = {isa = PBXBuildFile; fileRef = 0D00F0ED1C08037A005FE630 /* DataViewController.m */; };
		0D00F0F11C08037A005FE630 /* ModelController.m in Sources */ = {isa = PBXBuildFile; fileRef = 0D00F0F01C08037A005FE630 /* ModelController.m */; };
		0D00F0F41C08037A005FE630 /* Main.storyboard in Resources */ = {isa = PBXBuildFile; fileRef = 0D00F0F21C08037A005FE630 /* Main.storyboard */; };
		0D00F0F61C08037A005FE630 /* Images.xcassets in Resources */ = {isa = PBXBuildFile; fileRef = 0D00F0F51C08037A005FE630 /* Images.xcassets */; };
		0D00F0F91C08037A005FE630 /* LaunchScreen.xib in Resources */ = {isa = PBXBuildFile; fileRef = 0D00F0F71C08037A005FE630 /* LaunchScreen.xib */; };
		0D00F1051C08037A005FE630 /* _2Tests.m in Sources */ = {isa = PBXBuildFile; fileRef = 0D00F1041C08037A005FE630 /* _2Tests.m */; };
/* End PBXBuildFile section */

/* Begin PBXContainerItemProxy section */
		0D00F0FF1C08037A005FE630 /* PBXContainerItemProxy */ = {
			isa = PBXContainerItemProxy;
			containerPortal = 0D00F0D71C08037A005FE630 /* Project object */;
			proxyType = 1;
			remoteGlobalIDString = 0D00F0DE1C08037A005FE630;
			remoteInfo = 12;
		};
/* End PBXContainerItemProxy section */

/* Begin PBXFileReference section */
		0D00F0DF1C08037A005FE630 /* 12.app */ = {isa = PBXFileReference; explicitFileType = wrapper.application; includeInIndex = 0; path = 12.app; sourceTree = BUILT_PRODUCTS_DIR; };
		0D00F0E31C08037A005FE630 /* Info.plist */ = {isa = PBXFileReference; lastKnownFileType = text.plist.xml; path = Info.plist; sourceTree = "<group>"; };
		0D00F0E41C08037A005FE630 /* main.m */ = {isa = PBXFileReference; lastKnownFileType = sourcecode.c.objc; path = main.m; sourceTree = "<group>"; };
		0D00F0E61C08037A005FE630 /* AppDelegate.h */ = {isa = PBXFileReference; lastKnownFileType = sourcecode.c.h; path = AppDelegate.h; sourceTree = "<group>"; };
		0D00F0E71C08037A005FE630 /* AppDelegate.m */ = {isa = PBXFileReference; lastKnownFileType = sourcecode.c.objc; path = AppDelegate.m; sourceTree = "<group>"; };
		0D00F0E91C08037A005FE630 /* RootViewController.h */ = {isa = PBXFileReference; lastKnownFileType = sourcecode.c.h; path = RootViewController.h; sourceTree = "<group>"; };
		0D00F0EA1C08037A005FE630 /* RootViewController.m */ = {isa = PBXFileReference; lastKnownFileType = sourcecode.c.objc; path = RootViewController.m; sourceTree = "<group>"; };
		0D00F0EC1C08037A005FE630 /* DataViewController.h */ = {isa = PBXFileReference; lastKnownFileType = sourcecode.c.h; path = DataViewController.h; sourceTree = "<group>"; };
		0D00F0ED1C08037A005FE630 /* DataViewController.m */ = {isa = PBXFileReference; lastKnownFileType = sourcecode.c.objc; path = DataViewController.m; sourceTree = "<group>"; };
		0D00F0EF1C08037A005FE630 /* ModelController.h */ = {isa = PBXFileReference; lastKnownFileType = sourcecode.c.h; path = ModelController.h; sourceTree = "<group>"; };
		0D00F0F01C08037A005FE630 /* ModelController.m */ = {isa = PBXFileReference; lastKnownFileType = sourcecode.c.objc; path = ModelController.m; sourceTree = "<group>"; };
		0D00F0F31C08037A005FE630 /* Base */ = {isa = PBXFileReference; lastKnownFileType = file.storyboard; name = Base; path = Base.lproj/Main.storyboard; sourceTree = "<group>"; };
		0D00F0F51C08037A005FE630 /* Images.xcassets */ = {isa = PBXFileReference; lastKnownFileType = folder.assetcatalog; path = Images.xcassets; sourceTree = "<group>"; };
		0D00F0F81C08037A005FE630 /* Base */ = {isa = PBXFileReference; lastKnownFileType = file.xib; name = Base; path = Base.lproj/LaunchScreen.xib; sourceTree = "<group>"; };
		0D00F0FE1C08037A005FE630 /* 12Tests.xctest */ = {isa = PBXFileReference; explicitFileType = wrapper.cfbundle; includeInIndex = 0; path = 12Tests.xctest; sourceTree = BUILT_PRODUCTS_DIR; };
		0D00F1031C08037A005FE630 /* Info.plist */ = {isa = PBXFileReference; lastKnownFileType = text.plist.xml; path = Info.plist; sourceTree = "<group>"; };
		0D00F1041C08037A005FE630 /* _2Tests.m */ = {isa = PBXFileReference; lastKnownFileType = sourcecode.c.objc; path = _2Tests.m; sourceTree = "<group>"; };
/* End PBXFileReference section */

/* Begin PBXFrameworksBuildPhase section */
		0D00F0DC1C08037A005FE630 /* Frameworks */ = {
			isa = PBXFrameworksBuildPhase;
			buildActionMask = 2147483647;
			files = (
			);
			runOnlyForDeploymentPostprocessing = 0;
		};
		0D00F0FB1C08037A005FE630 /* Frameworks */ = {
			isa = PBXFrameworksBuildPhase;
			buildActionMask = 2147483647;
			files = (
			);
			runOnlyForDeploymentPostprocessing = 0;
		};
/* End PBXFrameworksBuildPhase section */

/* Begin PBXGroup section */
		0D00F0D61C08037A005FE630 = {
			isa = PBXGroup;
			children = (
				0D00F0E11C08037A005FE630 /* 12 */,
				0D00F1011C08037A005FE630 /* 12Tests */,
				0D00F0E01C08037A005FE630 /* Products */,
			);
			sourceTree = "<group>";
		};
		0D00F0E01C08037A005FE630 /* Products */ = {
			isa = PBXGroup;
			children = (
				0D00F0DF1C08037A005FE630 /* 12.app */,
				0D00F0FE1C08037A005FE630 /* 12Tests.xctest */,
			);
			name = Products;
			sourceTree = "<group>";
		};
		0D00F0E11C08037A005FE630 /* 12 */ = {
			isa = PBXGroup;
			children = (
				0D00F0E61C08037A005FE630 /* AppDelegate.h */,
				0D00F0E71C08037A005FE630 /* AppDelegate.m */,
				0D00F0E91C08037A005FE630 /* RootViewController.h */,
				0D00F0EA1C08037A005FE630 /* RootViewController.m */,
				0D00F0EC1C08037A005FE630 /* DataViewController.h */,
				0D00F0ED1C08037A005FE630 /* DataViewController.m */,
				0D00F0EF1C08037A005FE630 /* ModelController.h */,
				0D00F0F01C08037A005FE630 /* ModelController.m */,
				0D00F0F21C08037A005FE630 /* Main.storyboard */,
				0D00F0F51C08037A005FE630 /* Images.xcassets */,
				0D00F0F71C08037A005FE630 /* LaunchScreen.xib */,
				0D00F0E21C08037A005FE630 /* Supporting Files */,
			);
			path = 12;
			sourceTree = "<group>";
		};
		0D00F0E21C08037A005FE630 /* Supporting Files */ = {
			isa = PBXGroup;
			children = (
				0D00F0E31C08037A005FE630 /* Info.plist */,
				0D00F0E41C08037A005FE630 /* main.m */,
			);
			name = "Supporting Files";
			sourceTree = "<group>";
		};
		0D00F1011C08037A005FE630 /* 12Tests */ = {
			isa = PBXGroup;
			children = (
				0D00F1041C08037A005FE630 /* _2Tests.m */,
				0D00F1021C08037A005FE630 /* Supporting Files */,
			);
			path = 12Tests;
			sourceTree = "<group>";
		};
		0D00F1021C08037A005FE630 /* Supporting Files */ = {
			isa = PBXGroup;
			children = (
				0D00F1031C08037A005FE630 /* Info.plist */,
			);
			name = "Supporting Files";
			sourceTree = "<group>";
		};
/* End PBXGroup section */

/* Begin PBXNativeTarget section */
		0D00F0DE1C08037A005FE630 /* 12 */ = {
			isa = PBXNativeTarget;
			buildConfigurationList = 0D00F1081C08037A005FE630 /* Build configuration list for PBXNativeTarget "12" */;
			buildPhases = (
				0D00F0DB1C08037A005FE630 /* Sources */,
				0D00F0DC1C08037A005FE630 /* Frameworks */,
				0D00F0DD1C08037A005FE630 /* Resources */,
			);
			buildRules = (
			);
			dependencies = (
			);
			name = 12;
			productName = 12;
			productReference = 0D00F0DF1C08037A005FE630 /* 12.app */;
			productType = "com.apple.product-type.application";
		};
		0D00F0FD1C08037A005FE630 /* 12Tests */ = {
			isa = PBXNativeTarget;
			buildConfigurationList = 0D00F10B1C08037A005FE630 /* Build configuration list for PBXNativeTarget "12Tests" */;
			buildPhases = (
				0D00F0FA1C08037A005FE630 /* Sources */,
				0D00F0FB1C08037A005FE630 /* Frameworks */,
				0D00F0FC1C08037A005FE630 /* Resources */,
			);
			buildRules = (
			);
			dependencies = (
				0D00F1001C08037A005FE630 /* PBXTargetDependency */,
			);
			name = 12Tests;
			productName = 12Tests;
			productReference = 0D00F0FE1C08037A005FE630 /* 12Tests.xctest */;
			productType = "com.apple.product-type.bundle.unit-test";
		};
/* End PBXNativeTarget section */

/* Begin PBXProject section */
		0D00F0D71C08037A005FE630 /* Project object */ = {
			isa = PBXProject;
			attributes = {
				LastUpgradeCheck = 0640;
				ORGANIZATIONNAME = Mia;
				TargetAttributes = {
					0D00F0DE1C08037A005FE630 = {
						CreatedOnToolsVersion = 6.4;
					};
					0D00F0FD1C08037A005FE630 = {
						CreatedOnToolsVersion = 6.4;
						TestTargetID = 0D00F0DE1C08037A005FE630;
					};
				};
			};
			buildConfigurationList = 0D00F0DA1C08037A005FE630 /* Build configuration list for PBXProject "12" */;
			compatibilityVersion = "Xcode 3.2";
			developmentRegion = English;
			hasScannedForEncodings = 0;
			knownRegions = (
				en,
				Base,
			);
			mainGroup = 0D00F0D61C08037A005FE630;
			productRefGroup = 0D00F0E01C08037A005FE630 /* Products */;
			projectDirPath = "";
			projectRoot = "";
			targets = (
				0D00F0DE1C08037A005FE630 /* 12 */,
				0D00F0FD1C08037A005FE630 /* 12Tests */,
			);
		};
/* End PBXProject section */

/* Begin PBXResourcesBuildPhase section */
		0D00F0DD1C08037A005FE630 /* Resources */ = {
			isa = PBXResourcesBuildPhase;
			buildActionMask = 2147483647;
			files = (
				0D00F0F41C08037A005FE630 /* Main.storyboard in Resources */,
				0D00F0F91C08037A005FE630 /* LaunchScreen.xib in Resources */,
				0D00F0F61C08037A005FE630 /* Images.xcassets in Resources */,
			);
			runOnlyForDeploymentPostprocessing = 0;
		};
		0D00F0FC1C08037A005FE630 /* Resources */ = {
			isa = PBXResourcesBuildPhase;
			buildActionMask = 2147483647;
			files = (
			);
			runOnlyForDeploymentPostprocessing = 0;
		};
/* End PBXResourcesBuildPhase section */

/* Begin PBXSourcesBuildPhase section */
		0D00F0DB1C08037A005FE630 /* Sources */ = {
			isa = PBXSourcesBuildPhase;
			buildActionMask = 2147483647;
			files = (
				0D00F0EE1C08037A005FE630 /* DataViewController.m in Sources */,
				0D00F0E81C08037A005FE630 /* AppDelegate.m in Sources */,
				0D00F0F11C08037A005FE630 /* ModelController.m in Sources */,
				0D00F0E51C08037A005FE630 /* main.m in Sources */,
				0D00F0EB1C08037A005FE630 /* RootViewController.m in Sources */,
			);
			runOnlyForDeploymentPostprocessing = 0;
		};
		0D00F0FA1C08037A005FE630 /* Sources */ = {
			isa = PBXSourcesBuildPhase;
			buildActionMask = 2147483647;
			files = (
				0D00F1051C08037A005FE630 /* _2Tests.m in Sources */,
			);
			runOnlyForDeploymentPostprocessing = 0;
		};
/* End PBXSourcesBuildPhase section */

/* Begin PBXTargetDependency section */
		0D00F1001C08037A005FE630 /* PBXTargetDependency */ = {
			isa = PBXTargetDependency;
			target = 0D00F0DE1C08037A005FE630 /* 12 */;
			targetProxy = 0D00F0FF1C08037A005FE630 /* PBXContainerItemProxy */;
		};
/* End PBXTargetDependency section */

/* Begin PBXVariantGroup section */
		0D00F0F21C08037A005FE630 /* Main.storyboard */ = {
			isa = PBXVariantGroup;
			children = (
				0D00F0F31C08037A005FE630 /* Base */,
			);
			name = Main.storyboard;
			sourceTree = "<group>";
		};
		0D00F0F71C08037A005FE630 /* LaunchScreen.xib */ = {
			isa = PBXVariantGroup;
			children = (
				0D00F0F81C08037A005FE630 /* Base */,
			);
			name = LaunchScreen.xib;
			sourceTree = "<group>";
		};
/* End PBXVariantGroup section */

/* Begin XCBuildConfiguration section */
		0D00F1061C08037A005FE630 /* Debug */ = {
			isa = XCBuildConfiguration;
			buildSettings = {
				ALWAYS_SEARCH_USER_PATHS = NO;
				CLANG_CXX_LANGUAGE_STANDARD = "gnu++0x";
				CLANG_CXX_LIBRARY = "libc++";
				CLANG_ENABLE_MODULES = YES;
				CLANG_ENABLE_OBJC_ARC = YES;
				CLANG_WARN_BOOL_CONVERSION = YES;
				CLANG_WARN_CONSTANT_CONVERSION = YES;
				CLANG_WARN_DIRECT_OBJC_ISA_USAGE = YES_ERROR;
				CLANG_WARN_EMPTY_BODY = YES;
				CLANG_WARN_ENUM_CONVERSION = YES;
				CLANG_WARN_INT_CONVERSION = YES;
				CLANG_WARN_OBJC_ROOT_CLASS = YES_ERROR;
				CLANG_WARN_UNREACHABLE_CODE = YES;
				CLANG_WARN__DUPLICATE_METHOD_MATCH = YES;
				"CODE_SIGN_IDENTITY[sdk=iphoneos*]" = "iPhone Developer";
				COPY_PHASE_STRIP = NO;
				DEBUG_INFORMATION_FORMAT = "dwarf-with-dsym";
				ENABLE_STRICT_OBJC_MSGSEND = YES;
				GCC_C_LANGUAGE_STANDARD = gnu99;
				GCC_DYNAMIC_NO_PIC = NO;
				GCC_NO_COMMON_BLOCKS = YES;
				GCC_OPTIMIZATION_LEVEL = 0;
				GCC_PREPROCESSOR_DEFINITIONS = (
					"DEBUG=1",
					"$(inherited)",
				);
				GCC_SYMBOLS_PRIVATE_EXTERN = NO;
				GCC_WARN_64_TO_32_BIT_CONVERSION = YES;
				GCC_WARN_ABOUT_RETURN_TYPE = YES_ERROR;
				GCC_WARN_UNDECLARED_SELECTOR = YES;
				GCC_WARN_UNINITIALIZED_AUTOS = YES_AGGRESSIVE;
				GCC_WARN_UNUSED_FUNCTION = YES;
				GCC_WARN_UNUSED_VARIABLE = YES;
				IPHONEOS_DEPLOYMENT_TARGET = 8.4;
				MTL_ENABLE_DEBUG_INFO = YES;
				ONLY_ACTIVE_ARCH = YES;
				SDKROOT = iphoneos;
				TARGETED_DEVICE_FAMILY = "1,2";
			};
			name = Debug;
		};
		0D00F1071C08037A005FE630 /* Release */ = {
			isa = XCBuildConfiguration;
			buildSettings = {
				ALWAYS_SEARCH_USER_PATHS = NO;
				CLANG_CXX_LANGUAGE_STANDARD = "gnu++0x";
				CLANG_CXX_LIBRARY = "libc++";
				CLANG_ENABLE_MODULES = YES;
				CLANG_ENABLE_OBJC_ARC = YES;
				CLANG_WARN_BOOL_CONVERSION = YES;
				CLANG_WARN_CONSTANT_CONVERSION = YES;
				CLANG_WARN_DIRECT_OBJC_ISA_USAGE = YES_ERROR;
				CLANG_WARN_EMPTY_BODY = YES;
				CLANG_WARN_ENUM_CONVERSION = YES;
				CLANG_WARN_INT_CONVERSION = YES;
				CLANG_WARN_OBJC_ROOT_CLASS = YES_ERROR;
				CLANG_WARN_UNREACHABLE_CODE = YES;
				CLANG_WARN__DUPLICATE_METHOD_MATCH = YES;
				"CODE_SIGN_IDENTITY[sdk=iphoneos*]" = "iPhone Developer";
				COPY_PHASE_STRIP = NO;
				DEBUG_INFORMATION_FORMAT = "dwarf-with-dsym";
				ENABLE_NS_ASSERTIONS = NO;
				ENABLE_STRICT_OBJC_MSGSEND = YES;
				GCC_C_LANGUAGE_STANDARD = gnu99;
				GCC_NO_COMMON_BLOCKS = YES;
				GCC_WARN_64_TO_32_BIT_CONVERSION = YES;
				GCC_WARN_ABOUT_RETURN_TYPE = YES_ERROR;
				GCC_WARN_UNDECLARED_SELECTOR = YES;
				GCC_WARN_UNINITIALIZED_AUTOS = YES_AGGRESSIVE;
				GCC_WARN_UNUSED_FUNCTION = YES;
				GCC_WARN_UNUSED_VARIABLE = YES;
				IPHONEOS_DEPLOYMENT_TARGET = 8.4;
				MTL_ENABLE_DEBUG_INFO = NO;
				SDKROOT = iphoneos;
				TARGETED_DEVICE_FAMILY = "1,2";
				VALIDATE_PRODUCT = YES;
			};
			name = Release;
		};
		0D00F1091C08037A005FE630 /* Debug */ = {
			isa = XCBuildConfiguration;
			buildSettings = {
				ASSETCATALOG_COMPILER_APPICON_NAME = AppIcon;
				INFOPLIST_FILE = 12/Info.plist;
				LD_RUNPATH_SEARCH_PATHS = "$(inherited) @executable_path/Frameworks";
				PRODUCT_NAME = "$(TARGET_NAME)";
			};
			name = Debug;
		};
		0D00F10A1C08037A005FE630 /* Release */ = {
			isa = XCBuildConfiguration;
			buildSettings = {
				ASSETCATALOG_COMPILER_APPICON_NAME = AppIcon;
				INFOPLIST_FILE = 12/Info.plist;
				LD_RUNPATH_SEARCH_PATHS = "$(inherited) @executable_path/Frameworks";
				PRODUCT_NAME = "$(TARGET_NAME)";
			};
			name = Release;
		};
		0D00F10C1C08037A005FE630 /* Debug */ = {
			isa = XCBuildConfiguration;
			buildSettings = {
				BUNDLE_LOADER = "$(TEST_HOST)";
				FRAMEWORK_SEARCH_PATHS = (
					"$(SDKROOT)/Developer/Library/Frameworks",
					"$(inherited)",
				);
				GCC_PREPROCESSOR_DEFINITIONS = (
					"DEBUG=1",
					"$(inherited)",
				);
				INFOPLIST_FILE = 12Tests/Info.plist;
				LD_RUNPATH_SEARCH_PATHS = "$(inherited) @executable_path/Frameworks @loader_path/Frameworks";
				PRODUCT_NAME = "$(TARGET_NAME)";
				TEST_HOST = "$(BUILT_PRODUCTS_DIR)/12.app/12";
			};
			name = Debug;
		};
		0D00F10D1C08037A005FE630 /* Release */ = {
			isa = XCBuildConfiguration;
			buildSettings = {
				BUNDLE_LOADER = "$(TEST_HOST)";
				FRAMEWORK_SEARCH_PATHS = (
					"$(SDKROOT)/Developer/Library/Frameworks",
					"$(inherited)",
				);
				INFOPLIST_FILE = 12Tests/Info.plist;
				LD_RUNPATH_SEARCH_PATHS = "$(inherited) @executable_path/Frameworks @loader_path/Frameworks";
				PRODUCT_NAME = "$(TARGET_NAME)";
				TEST_HOST = "$(BUILT_PRODUCTS_DIR)/12.app/12";
			};
			name = Release;
		};
/* End XCBuildConfiguration section */

/* Begin XCConfigurationList section */
		0D00F0DA1C08037A005FE630 /* Build configuration list for PBXProject "12" */ = {
			isa = XCConfigurationList;
			buildConfigurations = (
				0D00F1061C08037A005FE630 /* Debug */,
				0D00F1071C08037A005FE630 /* Release */,
			);
			defaultConfigurationIsVisible = 0;
			defaultConfigurationName = Release;
		};
		0D00F1081C08037A005FE630 /* Build configuration list for PBXNativeTarget "12" */ = {
			isa = XCConfigurationList;
			buildConfigurations = (
				0D00F1091C08037A005FE630 /* Debug */,
				0D00F10A1C08037A005FE630 /* Release */,
			);
			defaultConfigurationIsVisible = 0;
		};
		0D00F10B1C08037A005FE630 /* Build configuration list for PBXNativeTarget "12Tests" */ = {
			isa = XCConfigurationList;
			buildConfigurations = (
				0D00F10C1C08037A005FE630 /* Debug */,
				0D00F10D1C08037A005FE630 /* Release */,
			);
			defaultConfigurationIsVisible = 0;
		};
/* End XCConfigurationList section */
	};
	rootObject = 0D00F0D71C08037A005FE630 /* Project object */;
}
