// !$*UTF8*$!
{
	archiveVersion = 1;
	classes = {
	};
	objectVersion = 46;
	objects = {

/* Begin PBXBuildFile section */
		0D33B5001C0803B200E49B9D /* main.m in Sources */ = {isa = PBXBuildFile; fileRef = 0D33B4FF1C0803B200E49B9D /* main.m */; };
		0D33B5031C0803B200E49B9D /* AppDelegate.m in Sources */ = {isa = PBXBuildFile; fileRef = 0D33B5021C0803B200E49B9D /* AppDelegate.m */; };
		0D33B5061C0803B200E49B9D /* ViewController.m in Sources */ = {isa = PBXBuildFile; fileRef = 0D33B5051C0803B200E49B9D /* ViewController.m */; };
		0D33B5091C0803B200E49B9D /* Main.storyboard in Resources */ = {isa = PBXBuildFile; fileRef = 0D33B5071C0803B200E49B9D /* Main.storyboard */; };
		0D33B50B1C0803B200E49B9D /* Images.xcassets in Resources */ = {isa = PBXBuildFile; fileRef = 0D33B50A1C0803B200E49B9D /* Images.xcassets */; };
		0D33B50E1C0803B200E49B9D /* LaunchScreen.xib in Resources */ = {isa = PBXBuildFile; fileRef = 0D33B50C1C0803B200E49B9D /* LaunchScreen.xib */; };
		0D33B51A1C0803B200E49B9D /* TestTests.m in Sources */ = {isa = PBXBuildFile; fileRef = 0D33B5191C0803B200E49B9D /* TestTests.m */; };
/* End PBXBuildFile section */

/* Begin PBXContainerItemProxy section */
		0D33B5141C0803B200E49B9D /* PBXContainerItemProxy */ = {
			isa = PBXContainerItemProxy;
			containerPortal = 0D33B4F21C0803B200E49B9D /* Project object */;
			proxyType = 1;
			remoteGlobalIDString = 0D33B4F91C0803B200E49B9D;
			remoteInfo = Test;
		};
/* End PBXContainerItemProxy section */

/* Begin PBXFileReference section */
		0D33B4FA1C0803B200E49B9D /* Test.app */ = {isa = PBXFileReference; explicitFileType = wrapper.application; includeInIndex = 0; path = Test.app; sourceTree = BUILT_PRODUCTS_DIR; };
		0D33B4FE1C0803B200E49B9D /* Info.plist */ = {isa = PBXFileReference; lastKnownFileType = text.plist.xml; path = Info.plist; sourceTree = "<group>"; };
		0D33B4FF1C0803B200E49B9D /* main.m */ = {isa = PBXFileReference; lastKnownFileType = sourcecode.c.objc; path = main.m; sourceTree = "<group>"; };
		0D33B5011C0803B200E49B9D /* AppDelegate.h */ = {isa = PBXFileReference; lastKnownFileType = sourcecode.c.h; path = AppDelegate.h; sourceTree = "<group>"; };
		0D33B5021C0803B200E49B9D /* AppDelegate.m */ = {isa = PBXFileReference; lastKnownFileType = sourcecode.c.objc; path = AppDelegate.m; sourceTree = "<group>"; };
		0D33B5041C0803B200E49B9D /* ViewController.h */ = {isa = PBXFileReference; lastKnownFileType = sourcecode.c.h; path = ViewController.h; sourceTree = "<group>"; };
		0D33B5051C0803B200E49B9D /* ViewController.m */ = {isa = PBXFileReference; lastKnownFileType = sourcecode.c.objc; path = ViewController.m; sourceTree = "<group>"; };
		0D33B5081C0803B200E49B9D /* Base */ = {isa = PBXFileReference; lastKnownFileType = file.storyboard; name = Base; path = Base.lproj/Main.storyboard; sourceTree = "<group>"; };
		0D33B50A1C0803B200E49B9D /* Images.xcassets */ = {isa = PBXFileReference; lastKnownFileType = folder.assetcatalog; path = Images.xcassets; sourceTree = "<group>"; };
		0D33B50D1C0803B200E49B9D /* Base */ = {isa = PBXFileReference; lastKnownFileType = file.xib; name = Base; path = Base.lproj/LaunchScreen.xib; sourceTree = "<group>"; };
		0D33B5131C0803B200E49B9D /* TestTests.xctest */ = {isa = PBXFileReference; explicitFileType = wrapper.cfbundle; includeInIndex = 0; path = TestTests.xctest; sourceTree = BUILT_PRODUCTS_DIR; };
		0D33B5181C0803B200E49B9D /* Info.plist */ = {isa = PBXFileReference; lastKnownFileType = text.plist.xml; path = Info.plist; sourceTree = "<group>"; };
		0D33B5191C0803B200E49B9D /* TestTests.m */ = {isa = PBXFileReference; lastKnownFileType = sourcecode.c.objc; path = TestTests.m; sourceTree = "<group>"; };
/* End PBXFileReference section */

/* Begin PBXFrameworksBuildPhase section */
		0D33B4F71C0803B200E49B9D /* Frameworks */ = {
			isa = PBXFrameworksBuildPhase;
			buildActionMask = 2147483647;
			files = (
			);
			runOnlyForDeploymentPostprocessing = 0;
		};
		0D33B5101C0803B200E49B9D /* Frameworks */ = {
			isa = PBXFrameworksBuildPhase;
			buildActionMask = 2147483647;
			files = (
			);
			runOnlyForDeploymentPostprocessing = 0;
		};
/* End PBXFrameworksBuildPhase section */

/* Begin PBXGroup section */
		0D33B4F11C0803B200E49B9D = {
			isa = PBXGroup;
			children = (
				0D33B4FC1C0803B200E49B9D /* Test */,
				0D33B5161C0803B200E49B9D /* TestTests */,
				0D33B4FB1C0803B200E49B9D /* Products */,
			);
			sourceTree = "<group>";
		};
		0D33B4FB1C0803B200E49B9D /* Products */ = {
			isa = PBXGroup;
			children = (
				0D33B4FA1C0803B200E49B9D /* Test.app */,
				0D33B5131C0803B200E49B9D /* TestTests.xctest */,
			);
			name = Products;
			sourceTree = "<group>";
		};
		0D33B4FC1C0803B200E49B9D /* Test */ = {
			isa = PBXGroup;
			children = (
				0D33B5011C0803B200E49B9D /* AppDelegate.h */,
				0D33B5021C0803B200E49B9D /* AppDelegate.m */,
				0D33B5041C0803B200E49B9D /* ViewController.h */,
				0D33B5051C0803B200E49B9D /* ViewController.m */,
				0D33B5071C0803B200E49B9D /* Main.storyboard */,
				0D33B50A1C0803B200E49B9D /* Images.xcassets */,
				0D33B50C1C0803B200E49B9D /* LaunchScreen.xib */,
				0D33B4FD1C0803B200E49B9D /* Supporting Files */,
			);
			path = Test;
			sourceTree = "<group>";
		};
		0D33B4FD1C0803B200E49B9D /* Supporting Files */ = {
			isa = PBXGroup;
			children = (
				0D33B4FE1C0803B200E49B9D /* Info.plist */,
				0D33B4FF1C0803B200E49B9D /* main.m */,
			);
			name = "Supporting Files";
			sourceTree = "<group>";
		};
		0D33B5161C0803B200E49B9D /* TestTests */ = {
			isa = PBXGroup;
			children = (
				0D33B5191C0803B200E49B9D /* TestTests.m */,
				0D33B5171C0803B200E49B9D /* Supporting Files */,
			);
			path = TestTests;
			sourceTree = "<group>";
		};
		0D33B5171C0803B200E49B9D /* Supporting Files */ = {
			isa = PBXGroup;
			children = (
				0D33B5181C0803B200E49B9D /* Info.plist */,
			);
			name = "Supporting Files";
			sourceTree = "<group>";
		};
/* End PBXGroup section */

/* Begin PBXNativeTarget section */
		0D33B4F91C0803B200E49B9D /* Test */ = {
			isa = PBXNativeTarget;
			buildConfigurationList = 0D33B51D1C0803B200E49B9D /* Build configuration list for PBXNativeTarget "Test" */;
			buildPhases = (
				0D33B4F61C0803B200E49B9D /* Sources */,
				0D33B4F71C0803B200E49B9D /* Frameworks */,
				0D33B4F81C0803B200E49B9D /* Resources */,
			);
			buildRules = (
			);
			dependencies = (
			);
			name = Test;
			productName = Test;
			productReference = 0D33B4FA1C0803B200E49B9D /* Test.app */;
			productType = "com.apple.product-type.application";
		};
		0D33B5121C0803B200E49B9D /* TestTests */ = {
			isa = PBXNativeTarget;
			buildConfigurationList = 0D33B5201C0803B200E49B9D /* Build configuration list for PBXNativeTarget "TestTests" */;
			buildPhases = (
				0D33B50F1C0803B200E49B9D /* Sources */,
				0D33B5101C0803B200E49B9D /* Frameworks */,
				0D33B5111C0803B200E49B9D /* Resources */,
			);
			buildRules = (
			);
			dependencies = (
				0D33B5151C0803B200E49B9D /* PBXTargetDependency */,
			);
			name = TestTests;
			productName = TestTests;
			productReference = 0D33B5131C0803B200E49B9D /* TestTests.xctest */;
			productType = "com.apple.product-type.bundle.unit-test";
		};
/* End PBXNativeTarget section */

/* Begin PBXProject section */
		0D33B4F21C0803B200E49B9D /* Project object */ = {
			isa = PBXProject;
			attributes = {
				LastUpgradeCheck = 0640;
				ORGANIZATIONNAME = Mia;
				TargetAttributes = {
					0D33B4F91C0803B200E49B9D = {
						CreatedOnToolsVersion = 6.4;
					};
					0D33B5121C0803B200E49B9D = {
						CreatedOnToolsVersion = 6.4;
						TestTargetID = 0D33B4F91C0803B200E49B9D;
					};
				};
			};
			buildConfigurationList = 0D33B4F51C0803B200E49B9D /* Build configuration list for PBXProject "Test" */;
			compatibilityVersion = "Xcode 3.2";
			developmentRegion = English;
			hasScannedForEncodings = 0;
			knownRegions = (
				en,
				Base,
			);
			mainGroup = 0D33B4F11C0803B200E49B9D;
			productRefGroup = 0D33B4FB1C0803B200E49B9D /* Products */;
			projectDirPath = "";
			projectRoot = "";
			targets = (
				0D33B4F91C0803B200E49B9D /* Test */,
				0D33B5121C0803B200E49B9D /* TestTests */,
			);
		};
/* End PBXProject section */

/* Begin PBXResourcesBuildPhase section */
		0D33B4F81C0803B200E49B9D /* Resources */ = {
			isa = PBXResourcesBuildPhase;
			buildActionMask = 2147483647;
			files = (
				0D33B5091C0803B200E49B9D /* Main.storyboard in Resources */,
				0D33B50E1C0803B200E49B9D /* LaunchScreen.xib in Resources */,
				0D33B50B1C0803B200E49B9D /* Images.xcassets in Resources */,
			);
			runOnlyForDeploymentPostprocessing = 0;
		};
		0D33B5111C0803B200E49B9D /* Resources */ = {
			isa = PBXResourcesBuildPhase;
			buildActionMask = 2147483647;
			files = (
			);
			runOnlyForDeploymentPostprocessing = 0;
		};
/* End PBXResourcesBuildPhase section */

/* Begin PBXSourcesBuildPhase section */
		0D33B4F61C0803B200E49B9D /* Sources */ = {
			isa = PBXSourcesBuildPhase;
			buildActionMask = 2147483647;
			files = (
				0D33B5061C0803B200E49B9D /* ViewController.m in Sources */,
				0D33B5031C0803B200E49B9D /* AppDelegate.m in Sources */,
				0D33B5001C0803B200E49B9D /* main.m in Sources */,
			);
			runOnlyForDeploymentPostprocessing = 0;
		};
		0D33B50F1C0803B200E49B9D /* Sources */ = {
			isa = PBXSourcesBuildPhase;
			buildActionMask = 2147483647;
			files = (
				0D33B51A1C0803B200E49B9D /* TestTests.m in Sources */,
			);
			runOnlyForDeploymentPostprocessing = 0;
		};
/* End PBXSourcesBuildPhase section */

/* Begin PBXTargetDependency section */
		0D33B5151C0803B200E49B9D /* PBXTargetDependency */ = {
			isa = PBXTargetDependency;
			target = 0D33B4F91C0803B200E49B9D /* Test */;
			targetProxy = 0D33B5141C0803B200E49B9D /* PBXContainerItemProxy */;
		};
/* End PBXTargetDependency section */

/* Begin PBXVariantGroup section */
		0D33B5071C0803B200E49B9D /* Main.storyboard */ = {
			isa = PBXVariantGroup;
			children = (
				0D33B5081C0803B200E49B9D /* Base */,
			);
			name = Main.storyboard;
			sourceTree = "<group>";
		};
		0D33B50C1C0803B200E49B9D /* LaunchScreen.xib */ = {
			isa = PBXVariantGroup;
			children = (
				0D33B50D1C0803B200E49B9D /* Base */,
			);
			name = LaunchScreen.xib;
			sourceTree = "<group>";
		};
/* End PBXVariantGroup section */

/* Begin XCBuildConfiguration section */
		0D33B51B1C0803B200E49B9D /* Debug */ = {
			isa = XCBuildConfiguration;
			buildSettings = {
				ALWAYS_SEARCH_USER_PATHS = NO;
				CLANG_CXX_LANGUAGE_STANDARD = "gnu++0x";
				CLANG_CXX_LIBRARY = "libc++";
				CLANG_ENABLE_MODULES = YES;
				CLANG_ENABLE_OBJC_ARC = YES;
				CLANG_WARN_BOOL_CONVERSION = YES;
				CLANG_WARN_CONSTANT_CONVERSION = YES;
				CLANG_WARN_DIRECT_OBJC_ISA_USAGE = YES_ERROR;
				CLANG_WARN_EMPTY_BODY = YES;
				CLANG_WARN_ENUM_CONVERSION = YES;
				CLANG_WARN_INT_CONVERSION = YES;
				CLANG_WARN_OBJC_ROOT_CLASS = YES_ERROR;
				CLANG_WARN_UNREACHABLE_CODE = YES;
				CLANG_WARN__DUPLICATE_METHOD_MATCH = YES;
				"CODE_SIGN_IDENTITY[sdk=iphoneos*]" = "iPhone Developer";
				COPY_PHASE_STRIP = NO;
				DEBUG_INFORMATION_FORMAT = "dwarf-with-dsym";
				ENABLE_STRICT_OBJC_MSGSEND = YES;
				GCC_C_LANGUAGE_STANDARD = gnu99;
				GCC_DYNAMIC_NO_PIC = NO;
				GCC_NO_COMMON_BLOCKS = YES;
				GCC_OPTIMIZATION_LEVEL = 0;
				GCC_PREPROCESSOR_DEFINITIONS = (
					"DEBUG=1",
					"$(inherited)",
				);
				GCC_SYMBOLS_PRIVATE_EXTERN = NO;
				GCC_WARN_64_TO_32_BIT_CONVERSION = YES;
				GCC_WARN_ABOUT_RETURN_TYPE = YES_ERROR;
				GCC_WARN_UNDECLARED_SELECTOR = YES;
				GCC_WARN_UNINITIALIZED_AUTOS = YES_AGGRESSIVE;
				GCC_WARN_UNUSED_FUNCTION = YES;
				GCC_WARN_UNUSED_VARIABLE = YES;
				IPHONEOS_DEPLOYMENT_TARGET = 8.4;
				MTL_ENABLE_DEBUG_INFO = YES;
				ONLY_ACTIVE_ARCH = YES;
				SDKROOT = iphoneos;
				TARGETED_DEVICE_FAMILY = "1,2";
			};
			name = Debug;
		};
		0D33B51C1C0803B200E49B9D /* Release */ = {
			isa = XCBuildConfiguration;
			buildSettings = {
				ALWAYS_SEARCH_USER_PATHS = NO;
				CLANG_CXX_LANGUAGE_STANDARD = "gnu++0x";
				CLANG_CXX_LIBRARY = "libc++";
				CLANG_ENABLE_MODULES = YES;
				CLANG_ENABLE_OBJC_ARC = YES;
				CLANG_WARN_BOOL_CONVERSION = YES;
				CLANG_WARN_CONSTANT_CONVERSION = YES;
				CLANG_WARN_DIRECT_OBJC_ISA_USAGE = YES_ERROR;
				CLANG_WARN_EMPTY_BODY = YES;
				CLANG_WARN_ENUM_CONVERSION = YES;
				CLANG_WARN_INT_CONVERSION = YES;
				CLANG_WARN_OBJC_ROOT_CLASS = YES_ERROR;
				CLANG_WARN_UNREACHABLE_CODE = YES;
				CLANG_WARN__DUPLICATE_METHOD_MATCH = YES;
				"CODE_SIGN_IDENTITY[sdk=iphoneos*]" = "iPhone Developer";
				COPY_PHASE_STRIP = NO;
				DEBUG_INFORMATION_FORMAT = "dwarf-with-dsym";
				ENABLE_NS_ASSERTIONS = NO;
				ENABLE_STRICT_OBJC_MSGSEND = YES;
				GCC_C_LANGUAGE_STANDARD = gnu99;
				GCC_NO_COMMON_BLOCKS = YES;
				GCC_WARN_64_TO_32_BIT_CONVERSION = YES;
				GCC_WARN_ABOUT_RETURN_TYPE = YES_ERROR;
				GCC_WARN_UNDECLARED_SELECTOR = YES;
				GCC_WARN_UNINITIALIZED_AUTOS = YES_AGGRESSIVE;
				GCC_WARN_UNUSED_FUNCTION = YES;
				GCC_WARN_UNUSED_VARIABLE = YES;
				IPHONEOS_DEPLOYMENT_TARGET = 8.4;
				MTL_ENABLE_DEBUG_INFO = NO;
				SDKROOT = iphoneos;
				TARGETED_DEVICE_FAMILY = "1,2";
				VALIDATE_PRODUCT = YES;
			};
			name = Release;
		};
		0D33B51E1C0803B200E49B9D /* Debug */ = {
			isa = XCBuildConfiguration;
			buildSettings = {
				ASSETCATALOG_COMPILER_APPICON_NAME = AppIcon;
				INFOPLIST_FILE = Test/Info.plist;
				LD_RUNPATH_SEARCH_PATHS = "$(inherited) @executable_path/Frameworks";
				PRODUCT_NAME = "$(TARGET_NAME)";
			};
			name = Debug;
		};
		0D33B51F1C0803B200E49B9D /* Release */ = {
			isa = XCBuildConfiguration;
			buildSettings = {
				ASSETCATALOG_COMPILER_APPICON_NAME = AppIcon;
				INFOPLIST_FILE = Test/Info.plist;
				LD_RUNPATH_SEARCH_PATHS = "$(inherited) @executable_path/Frameworks";
				PRODUCT_NAME = "$(TARGET_NAME)";
			};
			name = Release;
		};
		0D33B5211C0803B200E49B9D /* Debug */ = {
			isa = XCBuildConfiguration;
			buildSettings = {
				BUNDLE_LOADER = "$(TEST_HOST)";
				FRAMEWORK_SEARCH_PATHS = (
					"$(SDKROOT)/Developer/Library/Frameworks",
					"$(inherited)",
				);
				GCC_PREPROCESSOR_DEFINITIONS = (
					"DEBUG=1",
					"$(inherited)",
				);
				INFOPLIST_FILE = TestTests/Info.plist;
				LD_RUNPATH_SEARCH_PATHS = "$(inherited) @executable_path/Frameworks @loader_path/Frameworks";
				PRODUCT_NAME = "$(TARGET_NAME)";
				TEST_HOST = "$(BUILT_PRODUCTS_DIR)/Test.app/Test";
			};
			name = Debug;
		};
		0D33B5221C0803B200E49B9D /* Release */ = {
			isa = XCBuildConfiguration;
			buildSettings = {
				BUNDLE_LOADER = "$(TEST_HOST)";
				FRAMEWORK_SEARCH_PATHS = (
					"$(SDKROOT)/Developer/Library/Frameworks",
					"$(inherited)",
				);
				INFOPLIST_FILE = TestTests/Info.plist;
				LD_RUNPATH_SEARCH_PATHS = "$(inherited) @executable_path/Frameworks @loader_path/Frameworks";
				PRODUCT_NAME = "$(TARGET_NAME)";
				TEST_HOST = "$(BUILT_PRODUCTS_DIR)/Test.app/Test";
			};
			name = Release;
		};
/* End XCBuildConfiguration section */

/* Begin XCConfigurationList section */
		0D33B4F51C0803B200E49B9D /* Build configuration list for PBXProject "Test" */ = {
			isa = XCConfigurationList;
			buildConfigurations = (
				0D33B51B1C0803B200E49B9D /* Debug */,
				0D33B51C1C0803B200E49B9D /* Release */,
			);
			defaultConfigurationIsVisible = 0;
			defaultConfigurationName = Release;
		};
		0D33B51D1C0803B200E49B9D /* Build configuration list for PBXNativeTarget "Test" */ = {
			isa = XCConfigurationList;
			buildConfigurations = (
				0D33B51E1C0803B200E49B9D /* Debug */,
				0D33B51F1C0803B200E49B9D /* Release */,
			);
			defaultConfigurationIsVisible = 0;
		};
		0D33B5201C0803B200E49B9D /* Build configuration list for PBXNativeTarget "TestTests" */ = {
			isa = XCConfigurationList;
			buildConfigurations = (
				0D33B5211C0803B200E49B9D /* Debug */,
				0D33B5221C0803B200E49B9D /* Release */,
			);
			defaultConfigurationIsVisible = 0;
		};
/* End XCConfigurationList section */
	};
	rootObject = 0D33B4F21C0803B200E49B9D /* Project object */;
}
