// !$*UTF8*$!
{
	archiveVersion = 1;
	classes = {
	};
	objectVersion = 46;
	objects = {

/* Begin PBXBuildFile section */
		0D3C164D1C1586C8005F9386 /* FetchArticleDetail.m in Sources */ = {isa = PBXBuildFile; fileRef = 0D3C164A1C1586C8005F9386 /* FetchArticleDetail.m */; };
		0D3C164E1C1586C8005F9386 /* FetchArticleSummary.m in Sources */ = {isa = PBXBuildFile; fileRef = 0D3C164C1C1586C8005F9386 /* FetchArticleSummary.m */; };
		0D3C16511C1586DA005F9386 /* Allarticles.m in Sources */ = {isa = PBXBuildFile; fileRef = 0D3C16501C1586DA005F9386 /* Allarticles.m */; };
		0D4362081C01C1A900B3CA87 /* FetchPhotoDetail.m in Sources */ = {isa = PBXBuildFile; fileRef = 0D4362071C01C1A900B3CA87 /* FetchPhotoDetail.m */; };
		0D4362111C020BCD00B3CA87 /* FetchPhotoCell.m in Sources */ = {isa = PBXBuildFile; fileRef = 0D4362101C020BCD00B3CA87 /* FetchPhotoCell.m */; };
		0D4362191C02F68600B3CA87 /* FetchPhotoSummary.m in Sources */ = {isa = PBXBuildFile; fileRef = 0D4362181C02F68600B3CA87 /* FetchPhotoSummary.m */; };
		0D610AA31BFC20E600744B6B /* main.m in Sources */ = {isa = PBXBuildFile; fileRef = 0D610AA21BFC20E600744B6B /* main.m */; };
		0D610AA61BFC20E600744B6B /* AppDelegate.m in Sources */ = {isa = PBXBuildFile; fileRef = 0D610AA51BFC20E600744B6B /* AppDelegate.m */; };
		0D610AAE1BFC20E600744B6B /* Images.xcassets in Resources */ = {isa = PBXBuildFile; fileRef = 0D610AAD1BFC20E600744B6B /* Images.xcassets */; };
		0D610AB11BFC20E600744B6B /* LaunchScreen.xib in Resources */ = {isa = PBXBuildFile; fileRef = 0D610AAF1BFC20E600744B6B /* LaunchScreen.xib */; };
		0D610ABD1BFC20E600744B6B /* ZakerTests.m in Sources */ = {isa = PBXBuildFile; fileRef = 0D610ABC1BFC20E600744B6B /* ZakerTests.m */; };
		0D6F3F4E1BFC7F1300768688 /* Main.storyboard in Resources */ = {isa = PBXBuildFile; fileRef = 0D6F3F4C1BFC7F1300768688 /* Main.storyboard */; };
		0D6F3F901BFDAE3D00768688 /* CollectionCell.m in Sources */ = {isa = PBXBuildFile; fileRef = 0D6F3F8F1BFDAE3D00768688 /* CollectionCell.m */; };
		0DB916C71C0E8E42002BEB41 /* showPhotoWithCollectionView.m in Sources */ = {isa = PBXBuildFile; fileRef = 0DB916C61C0E8E42002BEB41 /* showPhotoWithCollectionView.m */; };
		0DB916CA1C0EEE3F002BEB41 /* showPhotoWithModalView.m in Sources */ = {isa = PBXBuildFile; fileRef = 0DB916C91C0EEE3F002BEB41 /* showPhotoWithModalView.m */; };
		0DC6724B1C0FEB1D006E5909 /* FetchArticleSummaryCell.m in Sources */ = {isa = PBXBuildFile; fileRef = 0DC6724A1C0FEB1D006E5909 /* FetchArticleSummaryCell.m */; };
		0DC672501C1146A1006E5909 /* showWeiBo.m in Sources */ = {isa = PBXBuildFile; fileRef = 0DC6724F1C1146A1006E5909 /* showWeiBo.m */; };
		0DC672541C1146D8006E5909 /* weiboCell.m in Sources */ = {isa = PBXBuildFile; fileRef = 0DC672531C1146D8006E5909 /* weiboCell.m */; };
		0DEE2A341C1672D400ED8FBA /* RAMCollectionViewFlemishBondLayout.m in Sources */ = {isa = PBXBuildFile; fileRef = 0DEE2A311C1672D400ED8FBA /* RAMCollectionViewFlemishBondLayout.m */; };
		0DEE2A351C1672D400ED8FBA /* RAMCollectionViewFlemishBondLayoutAttributes.m in Sources */ = {isa = PBXBuildFile; fileRef = 0DEE2A331C1672D400ED8FBA /* RAMCollectionViewFlemishBondLayoutAttributes.m */; };
		0DEE2A561C16731700ED8FBA /* UITableView+FDIndexPathHeightCache.m in Sources */ = {isa = PBXBuildFile; fileRef = 0DEE2A4F1C16731700ED8FBA /* UITableView+FDIndexPathHeightCache.m */; };
		0DEE2A571C16731700ED8FBA /* UITableView+FDKeyedHeightCache.m in Sources */ = {isa = PBXBuildFile; fileRef = 0DEE2A511C16731700ED8FBA /* UITableView+FDKeyedHeightCache.m */; };
		0DEE2A581C16731700ED8FBA /* UITableView+FDTemplateLayoutCell.m in Sources */ = {isa = PBXBuildFile; fileRef = 0DEE2A531C16731700ED8FBA /* UITableView+FDTemplateLayoutCell.m */; };
		0DEE2A591C16731700ED8FBA /* UITableView+FDTemplateLayoutCellDebug.m in Sources */ = {isa = PBXBuildFile; fileRef = 0DEE2A551C16731700ED8FBA /* UITableView+FDTemplateLayoutCellDebug.m */; };
/* End PBXBuildFile section */

/* Begin PBXContainerItemProxy section */
		0D610AB71BFC20E600744B6B /* PBXContainerItemProxy */ = {
			isa = PBXContainerItemProxy;
			containerPortal = 0D610A951BFC20E500744B6B /* Project object */;
			proxyType = 1;
			remoteGlobalIDString = 0D610A9C1BFC20E600744B6B;
			remoteInfo = Zaker;
		};
/* End PBXContainerItemProxy section */

/* Begin PBXFileReference section */
		0D3C16491C1586C8005F9386 /* FetchArticleDetail.h */ = {isa = PBXFileReference; fileEncoding = 4; lastKnownFileType = sourcecode.c.h; path = FetchArticleDetail.h; sourceTree = "<group>"; };
		0D3C164A1C1586C8005F9386 /* FetchArticleDetail.m */ = {isa = PBXFileReference; fileEncoding = 4; lastKnownFileType = sourcecode.c.objc; path = FetchArticleDetail.m; sourceTree = "<group>"; };
		0D3C164B1C1586C8005F9386 /* FetchArticleSummary.h */ = {isa = PBXFileReference; fileEncoding = 4; lastKnownFileType = sourcecode.c.h; path = FetchArticleSummary.h; sourceTree = "<group>"; };
		0D3C164C1C1586C8005F9386 /* FetchArticleSummary.m */ = {isa = PBXFileReference; fileEncoding = 4; lastKnownFileType = sourcecode.c.objc; path = FetchArticleSummary.m; sourceTree = "<group>"; };
		0D3C164F1C1586DA005F9386 /* Allarticles.h */ = {isa = PBXFileReference; fileEncoding = 4; lastKnownFileType = sourcecode.c.h; path = Allarticles.h; sourceTree = "<group>"; };
		0D3C16501C1586DA005F9386 /* Allarticles.m */ = {isa = PBXFileReference; fileEncoding = 4; lastKnownFileType = sourcecode.c.objc; path = Allarticles.m; sourceTree = "<group>"; };
		0D4362061C01C1A900B3CA87 /* FetchPhotoDetail.h */ = {isa = PBXFileReference; fileEncoding = 4; lastKnownFileType = sourcecode.c.h; path = FetchPhotoDetail.h; sourceTree = "<group>"; };
		0D4362071C01C1A900B3CA87 /* FetchPhotoDetail.m */ = {isa = PBXFileReference; fileEncoding = 4; lastKnownFileType = sourcecode.c.objc; path = FetchPhotoDetail.m; sourceTree = "<group>"; };
		0D43620F1C020BCD00B3CA87 /* FetchPhotoCell.h */ = {isa = PBXFileReference; fileEncoding = 4; lastKnownFileType = sourcecode.c.h; path = FetchPhotoCell.h; sourceTree = "<group>"; };
		0D4362101C020BCD00B3CA87 /* FetchPhotoCell.m */ = {isa = PBXFileReference; fileEncoding = 4; lastKnownFileType = sourcecode.c.objc; path = FetchPhotoCell.m; sourceTree = "<group>"; };
		0D4362171C02F68600B3CA87 /* FetchPhotoSummary.h */ = {isa = PBXFileReference; fileEncoding = 4; lastKnownFileType = sourcecode.c.h; path = FetchPhotoSummary.h; sourceTree = "<group>"; };
		0D4362181C02F68600B3CA87 /* FetchPhotoSummary.m */ = {isa = PBXFileReference; fileEncoding = 4; lastKnownFileType = sourcecode.c.objc; path = FetchPhotoSummary.m; sourceTree = "<group>"; };
		0D610A9D1BFC20E600744B6B /* Zaker.app */ = {isa = PBXFileReference; explicitFileType = wrapper.application; includeInIndex = 0; path = Zaker.app; sourceTree = BUILT_PRODUCTS_DIR; };
		0D610AA11BFC20E600744B6B /* Info.plist */ = {isa = PBXFileReference; lastKnownFileType = text.plist.xml; path = Info.plist; sourceTree = "<group>"; };
		0D610AA21BFC20E600744B6B /* main.m */ = {isa = PBXFileReference; lastKnownFileType = sourcecode.c.objc; path = main.m; sourceTree = "<group>"; };
		0D610AA41BFC20E600744B6B /* AppDelegate.h */ = {isa = PBXFileReference; lastKnownFileType = sourcecode.c.h; path = AppDelegate.h; sourceTree = "<group>"; };
		0D610AA51BFC20E600744B6B /* AppDelegate.m */ = {isa = PBXFileReference; lastKnownFileType = sourcecode.c.objc; path = AppDelegate.m; sourceTree = "<group>"; };
		0D610AAD1BFC20E600744B6B /* Images.xcassets */ = {isa = PBXFileReference; lastKnownFileType = folder.assetcatalog; path = Images.xcassets; sourceTree = "<group>"; };
		0D610AB01BFC20E600744B6B /* Base */ = {isa = PBXFileReference; lastKnownFileType = file.xib; name = Base; path = Base.lproj/LaunchScreen.xib; sourceTree = "<group>"; };
		0D610AB61BFC20E600744B6B /* ZakerTests.xctest */ = {isa = PBXFileReference; explicitFileType = wrapper.cfbundle; includeInIndex = 0; path = ZakerTests.xctest; sourceTree = BUILT_PRODUCTS_DIR; };
		0D610ABB1BFC20E600744B6B /* Info.plist */ = {isa = PBXFileReference; lastKnownFileType = text.plist.xml; path = Info.plist; sourceTree = "<group>"; };
		0D610ABC1BFC20E600744B6B /* ZakerTests.m */ = {isa = PBXFileReference; lastKnownFileType = sourcecode.c.objc; path = ZakerTests.m; sourceTree = "<group>"; };
		0D6F3F4D1BFC7F1300768688 /* Base */ = {isa = PBXFileReference; lastKnownFileType = file.storyboard; name = Base; path = Base.lproj/Main.storyboard; sourceTree = "<group>"; };
		0D6F3F8E1BFDAE3D00768688 /* CollectionCell.h */ = {isa = PBXFileReference; fileEncoding = 4; lastKnownFileType = sourcecode.c.h; path = CollectionCell.h; sourceTree = "<group>"; };
		0D6F3F8F1BFDAE3D00768688 /* CollectionCell.m */ = {isa = PBXFileReference; fileEncoding = 4; lastKnownFileType = sourcecode.c.objc; path = CollectionCell.m; sourceTree = "<group>"; };
		0DB916C51C0E8E42002BEB41 /* showPhotoWithCollectionView.h */ = {isa = PBXFileReference; fileEncoding = 4; lastKnownFileType = sourcecode.c.h; path = showPhotoWithCollectionView.h; sourceTree = "<group>"; };
		0DB916C61C0E8E42002BEB41 /* showPhotoWithCollectionView.m */ = {isa = PBXFileReference; fileEncoding = 4; lastKnownFileType = sourcecode.c.objc; path = showPhotoWithCollectionView.m; sourceTree = "<group>"; };
		0DB916C81C0EEE3F002BEB41 /* showPhotoWithModalView.h */ = {isa = PBXFileReference; fileEncoding = 4; lastKnownFileType = sourcecode.c.h; path = showPhotoWithModalView.h; sourceTree = "<group>"; };
		0DB916C91C0EEE3F002BEB41 /* showPhotoWithModalView.m */ = {isa = PBXFileReference; fileEncoding = 4; lastKnownFileType = sourcecode.c.objc; path = showPhotoWithModalView.m; sourceTree = "<group>"; };
		0DC672491C0FEB1D006E5909 /* FetchArticleSummaryCell.h */ = {isa = PBXFileReference; fileEncoding = 4; lastKnownFileType = sourcecode.c.h; path = FetchArticleSummaryCell.h; sourceTree = "<group>"; };
		0DC6724A1C0FEB1D006E5909 /* FetchArticleSummaryCell.m */ = {isa = PBXFileReference; fileEncoding = 4; lastKnownFileType = sourcecode.c.objc; path = FetchArticleSummaryCell.m; sourceTree = "<group>"; };
		0DC6724E1C1146A1006E5909 /* showWeiBo.h */ = {isa = PBXFileReference; fileEncoding = 4; lastKnownFileType = sourcecode.c.h; path = showWeiBo.h; sourceTree = "<group>"; };
		0DC6724F1C1146A1006E5909 /* showWeiBo.m */ = {isa = PBXFileReference; fileEncoding = 4; lastKnownFileType = sourcecode.c.objc; path = showWeiBo.m; sourceTree = "<group>"; };
		0DC672521C1146D8006E5909 /* weiboCell.h */ = {isa = PBXFileReference; fileEncoding = 4; lastKnownFileType = sourcecode.c.h; path = weiboCell.h; sourceTree = "<group>"; };
		0DC672531C1146D8006E5909 /* weiboCell.m */ = {isa = PBXFileReference; fileEncoding = 4; lastKnownFileType = sourcecode.c.objc; path = weiboCell.m; sourceTree = "<group>"; };
		0DEE2A301C1672D400ED8FBA /* RAMCollectionViewFlemishBondLayout.h */ = {isa = PBXFileReference; fileEncoding = 4; lastKnownFileType = sourcecode.c.h; path = RAMCollectionViewFlemishBondLayout.h; sourceTree = "<group>"; };
		0DEE2A311C1672D400ED8FBA /* RAMCollectionViewFlemishBondLayout.m */ = {isa = PBXFileReference; fileEncoding = 4; lastKnownFileType = sourcecode.c.objc; path = RAMCollectionViewFlemishBondLayout.m; sourceTree = "<group>"; };
		0DEE2A321C1672D400ED8FBA /* RAMCollectionViewFlemishBondLayoutAttributes.h */ = {isa = PBXFileReference; fileEncoding = 4; lastKnownFileType = sourcecode.c.h; path = RAMCollectionViewFlemishBondLayoutAttributes.h; sourceTree = "<group>"; };
		0DEE2A331C1672D400ED8FBA /* RAMCollectionViewFlemishBondLayoutAttributes.m */ = {isa = PBXFileReference; fileEncoding = 4; lastKnownFileType = sourcecode.c.objc; path = RAMCollectionViewFlemishBondLayoutAttributes.m; sourceTree = "<group>"; };
		0DEE2A4E1C16731700ED8FBA /* UITableView+FDIndexPathHeightCache.h */ = {isa = PBXFileReference; fileEncoding = 4; lastKnownFileType = sourcecode.c.h; path = "UITableView+FDIndexPathHeightCache.h"; sourceTree = "<group>"; };
		0DEE2A4F1C16731700ED8FBA /* UITableView+FDIndexPathHeightCache.m */ = {isa = PBXFileReference; fileEncoding = 4; lastKnownFileType = sourcecode.c.objc; path = "UITableView+FDIndexPathHeightCache.m"; sourceTree = "<group>"; };
		0DEE2A501C16731700ED8FBA /* UITableView+FDKeyedHeightCache.h */ = {isa = PBXFileReference; fileEncoding = 4; lastKnownFileType = sourcecode.c.h; path = "UITableView+FDKeyedHeightCache.h"; sourceTree = "<group>"; };
		0DEE2A511C16731700ED8FBA /* UITableView+FDKeyedHeightCache.m */ = {isa = PBXFileReference; fileEncoding = 4; lastKnownFileType = sourcecode.c.objc; path = "UITableView+FDKeyedHeightCache.m"; sourceTree = "<group>"; };
		0DEE2A521C16731700ED8FBA /* UITableView+FDTemplateLayoutCell.h */ = {isa = PBXFileReference; fileEncoding = 4; lastKnownFileType = sourcecode.c.h; path = "UITableView+FDTemplateLayoutCell.h"; sourceTree = "<group>"; };
		0DEE2A531C16731700ED8FBA /* UITableView+FDTemplateLayoutCell.m */ = {isa = PBXFileReference; fileEncoding = 4; lastKnownFileType = sourcecode.c.objc; path = "UITableView+FDTemplateLayoutCell.m"; sourceTree = "<group>"; };
		0DEE2A541C16731700ED8FBA /* UITableView+FDTemplateLayoutCellDebug.h */ = {isa = PBXFileReference; fileEncoding = 4; lastKnownFileType = sourcecode.c.h; path = "UITableView+FDTemplateLayoutCellDebug.h"; sourceTree = "<group>"; };
		0DEE2A551C16731700ED8FBA /* UITableView+FDTemplateLayoutCellDebug.m */ = {isa = PBXFileReference; fileEncoding = 4; lastKnownFileType = sourcecode.c.objc; path = "UITableView+FDTemplateLayoutCellDebug.m"; sourceTree = "<group>"; };
/* End PBXFileReference section */

/* Begin PBXFrameworksBuildPhase section */
		0D610A9A1BFC20E600744B6B /* Frameworks */ = {
			isa = PBXFrameworksBuildPhase;
			buildActionMask = 2147483647;
			files = (
			);
			runOnlyForDeploymentPostprocessing = 0;
		};
		0D610AB31BFC20E600744B6B /* Frameworks */ = {
			isa = PBXFrameworksBuildPhase;
			buildActionMask = 2147483647;
			files = (
			);
			runOnlyForDeploymentPostprocessing = 0;
		};
/* End PBXFrameworksBuildPhase section */

/* Begin PBXGroup section */
		0D4362161C02F65B00B3CA87 /* Fetch Photo */ = {
			isa = PBXGroup;
			children = (
				0D43620F1C020BCD00B3CA87 /* FetchPhotoCell.h */,
				0D4362101C020BCD00B3CA87 /* FetchPhotoCell.m */,
				0D4362061C01C1A900B3CA87 /* FetchPhotoDetail.h */,
				0D4362071C01C1A900B3CA87 /* FetchPhotoDetail.m */,
				0DB916C51C0E8E42002BEB41 /* showPhotoWithCollectionView.h */,
				0DB916C61C0E8E42002BEB41 /* showPhotoWithCollectionView.m */,
				0DB916C81C0EEE3F002BEB41 /* showPhotoWithModalView.h */,
				0DB916C91C0EEE3F002BEB41 /* showPhotoWithModalView.m */,
				0D4362171C02F68600B3CA87 /* FetchPhotoSummary.h */,
				0D4362181C02F68600B3CA87 /* FetchPhotoSummary.m */,
			);
			name = "Fetch Photo";
			sourceTree = "<group>";
		};
		0D43621A1C02F6C400B3CA87 /* Home Page */ = {
			isa = PBXGroup;
			children = (
				0D3C164F1C1586DA005F9386 /* Allarticles.h */,
				0D3C16501C1586DA005F9386 /* Allarticles.m */,
				0D6F3F8E1BFDAE3D00768688 /* CollectionCell.h */,
				0D6F3F8F1BFDAE3D00768688 /* CollectionCell.m */,
			);
			name = "Home Page";
			sourceTree = "<group>";
		};
		0D43621B1C02F78800B3CA87 /* Fetch Article */ = {
			isa = PBXGroup;
			children = (
				0DC672491C0FEB1D006E5909 /* FetchArticleSummaryCell.h */,
				0DC6724A1C0FEB1D006E5909 /* FetchArticleSummaryCell.m */,
				0D3C16491C1586C8005F9386 /* FetchArticleDetail.h */,
				0D3C164A1C1586C8005F9386 /* FetchArticleDetail.m */,
				0D3C164B1C1586C8005F9386 /* FetchArticleSummary.h */,
				0D3C164C1C1586C8005F9386 /* FetchArticleSummary.m */,
			);
			name = "Fetch Article";
			sourceTree = "<group>";
		};
		0D43621C1C02F80D00B3CA87 /* Sources */ = {
			isa = PBXGroup;
			children = (
				0D6F3F4C1BFC7F1300768688 /* Main.storyboard */,
				0D610AAD1BFC20E600744B6B /* Images.xcassets */,
				0D610AAF1BFC20E600744B6B /* LaunchScreen.xib */,
			);
			name = Sources;
			sourceTree = "<group>";
		};
		0D610A941BFC20E500744B6B = {
			isa = PBXGroup;
			children = (
				0D610A9F1BFC20E600744B6B /* Zaker */,
				0D610AB91BFC20E600744B6B /* ZakerTests */,
				0D610A9E1BFC20E600744B6B /* Products */,
				A314EBD910E836F7BDD60647 /* Frameworks */,
			);
			sourceTree = "<group>";
		};
		0D610A9E1BFC20E600744B6B /* Products */ = {
			isa = PBXGroup;
			children = (
				0D610A9D1BFC20E600744B6B /* Zaker.app */,
				0D610AB61BFC20E600744B6B /* ZakerTests.xctest */,
			);
			name = Products;
			sourceTree = "<group>";
		};
		0D610A9F1BFC20E600744B6B /* Zaker */ = {
			isa = PBXGroup;
			children = (
				0D43621C1C02F80D00B3CA87 /* Sources */,
				0DC672511C1146A7006E5909 /* WeiBo */,
				0D4362161C02F65B00B3CA87 /* Fetch Photo */,
				0D43621B1C02F78800B3CA87 /* Fetch Article */,
				0D43621A1C02F6C400B3CA87 /* Home Page */,
				0D610AA01BFC20E600744B6B /* Supporting Files */,
				0DD69C421C1588B900555174 /* 第三方库 */,
			);
			path = Zaker;
			sourceTree = "<group>";
		};
		0D610AA01BFC20E600744B6B /* Supporting Files */ = {
			isa = PBXGroup;
			children = (
				0D610AA41BFC20E600744B6B /* AppDelegate.h */,
				0D610AA51BFC20E600744B6B /* AppDelegate.m */,
				0D610AA11BFC20E600744B6B /* Info.plist */,
				0D610AA21BFC20E600744B6B /* main.m */,
			);
			name = "Supporting Files";
			sourceTree = "<group>";
		};
		0D610AB91BFC20E600744B6B /* ZakerTests */ = {
			isa = PBXGroup;
			children = (
				0D610ABC1BFC20E600744B6B /* ZakerTests.m */,
				0D610ABA1BFC20E600744B6B /* Supporting Files */,
			);
			path = ZakerTests;
			sourceTree = "<group>";
		};
		0D610ABA1BFC20E600744B6B /* Supporting Files */ = {
			isa = PBXGroup;
			children = (
				0D610ABB1BFC20E600744B6B /* Info.plist */,
			);
			name = "Supporting Files";
			sourceTree = "<group>";
		};
		0DC672511C1146A7006E5909 /* WeiBo */ = {
			isa = PBXGroup;
			children = (
				0DC6724E1C1146A1006E5909 /* showWeiBo.h */,
				0DC6724F1C1146A1006E5909 /* showWeiBo.m */,
				0DC672521C1146D8006E5909 /* weiboCell.h */,
				0DC672531C1146D8006E5909 /* weiboCell.m */,
			);
			name = WeiBo;
			sourceTree = "<group>";
		};
		0DD69C421C1588B900555174 /* 第三方库 */ = {
			isa = PBXGroup;
			children = (
				0DEE2A5A1C16732C00ED8FBA /* UITableView+FDTemplateLayoutCell */,
				0DEE2A4E1C16731700ED8FBA /* UITableView+FDIndexPathHeightCache.h */,
				0DEE2A4F1C16731700ED8FBA /* UITableView+FDIndexPathHeightCache.m */,
				0DEE2A501C16731700ED8FBA /* UITableView+FDKeyedHeightCache.h */,
				0DEE2A511C16731700ED8FBA /* UITableView+FDKeyedHeightCache.m */,
				0DEE2A521C16731700ED8FBA /* UITableView+FDTemplateLayoutCell.h */,
				0DEE2A531C16731700ED8FBA /* UITableView+FDTemplateLayoutCell.m */,
				0DEE2A541C16731700ED8FBA /* UITableView+FDTemplateLayoutCellDebug.h */,
				0DEE2A551C16731700ED8FBA /* UITableView+FDTemplateLayoutCellDebug.m */,
				0DD69C431C1588C500555174 /* RAMCollectionView */,
			);
			name = "第三方库";
			sourceTree = "<group>";
		};
		0DD69C431C1588C500555174 /* RAMCollectionView */ = {
			isa = PBXGroup;
			children = (
				0DEE2A301C1672D400ED8FBA /* RAMCollectionViewFlemishBondLayout.h */,
				0DEE2A311C1672D400ED8FBA /* RAMCollectionViewFlemishBondLayout.m */,
				0DEE2A321C1672D400ED8FBA /* RAMCollectionViewFlemishBondLayoutAttributes.h */,
				0DEE2A331C1672D400ED8FBA /* RAMCollectionViewFlemishBondLayoutAttributes.m */,
			);
			name = RAMCollectionView;
			sourceTree = "<group>";
		};
		0DEE2A5A1C16732C00ED8FBA /* UITableView+FDTemplateLayoutCell */ = {
			isa = PBXGroup;
			children = (
			);
			name = "UITableView+FDTemplateLayoutCell";
			sourceTree = "<group>";
		};
		A314EBD910E836F7BDD60647 /* Frameworks */ = {
			isa = PBXGroup;
			children = (
			);
			name = Frameworks;
			sourceTree = "<group>";
		};
/* End PBXGroup section */

/* Begin PBXNativeTarget section */
		0D610A9C1BFC20E600744B6B /* Zaker */ = {
			isa = PBXNativeTarget;
			buildConfigurationList = 0D610AC01BFC20E600744B6B /* Build configuration list for PBXNativeTarget "Zaker" */;
			buildPhases = (
				0D610A991BFC20E600744B6B /* Sources */,
				0D610A9A1BFC20E600744B6B /* Frameworks */,
				0D610A9B1BFC20E600744B6B /* Resources */,
			);
			buildRules = (
			);
			dependencies = (
			);
			name = Zaker;
			productName = Zaker;
			productReference = 0D610A9D1BFC20E600744B6B /* Zaker.app */;
			productType = "com.apple.product-type.application";
		};
		0D610AB51BFC20E600744B6B /* ZakerTests */ = {
			isa = PBXNativeTarget;
			buildConfigurationList = 0D610AC31BFC20E600744B6B /* Build configuration list for PBXNativeTarget "ZakerTests" */;
			buildPhases = (
				0D610AB21BFC20E600744B6B /* Sources */,
				0D610AB31BFC20E600744B6B /* Frameworks */,
				0D610AB41BFC20E600744B6B /* Resources */,
			);
			buildRules = (
			);
			dependencies = (
				0D610AB81BFC20E600744B6B /* PBXTargetDependency */,
			);
			name = ZakerTests;
			productName = ZakerTests;
			productReference = 0D610AB61BFC20E600744B6B /* ZakerTests.xctest */;
			productType = "com.apple.product-type.bundle.unit-test";
		};
/* End PBXNativeTarget section */

/* Begin PBXProject section */
		0D610A951BFC20E500744B6B /* Project object */ = {
			isa = PBXProject;
			attributes = {
				LastUpgradeCheck = 0640;
				ORGANIZATIONNAME = Mia;
				TargetAttributes = {
					0D610A9C1BFC20E600744B6B = {
						CreatedOnToolsVersion = 6.4;
					};
					0D610AB51BFC20E600744B6B = {
						CreatedOnToolsVersion = 6.4;
						TestTargetID = 0D610A9C1BFC20E600744B6B;
					};
				};
			};
			buildConfigurationList = 0D610A981BFC20E600744B6B /* Build configuration list for PBXProject "Zaker" */;
			compatibilityVersion = "Xcode 3.2";
			developmentRegion = English;
			hasScannedForEncodings = 0;
			knownRegions = (
				en,
				Base,
			);
			mainGroup = 0D610A941BFC20E500744B6B;
			productRefGroup = 0D610A9E1BFC20E600744B6B /* Products */;
			projectDirPath = "";
			projectRoot = "";
			targets = (
				0D610A9C1BFC20E600744B6B /* Zaker */,
				0D610AB51BFC20E600744B6B /* ZakerTests */,
			);
		};
/* End PBXProject section */

/* Begin PBXResourcesBuildPhase section */
		0D610A9B1BFC20E600744B6B /* Resources */ = {
			isa = PBXResourcesBuildPhase;
			buildActionMask = 2147483647;
			files = (
				0D6F3F4E1BFC7F1300768688 /* Main.storyboard in Resources */,
				0D610AB11BFC20E600744B6B /* LaunchScreen.xib in Resources */,
				0D610AAE1BFC20E600744B6B /* Images.xcassets in Resources */,
			);
			runOnlyForDeploymentPostprocessing = 0;
		};
		0D610AB41BFC20E600744B6B /* Resources */ = {
			isa = PBXResourcesBuildPhase;
			buildActionMask = 2147483647;
			files = (
			);
			runOnlyForDeploymentPostprocessing = 0;
		};
/* End PBXResourcesBuildPhase section */

/* Begin PBXSourcesBuildPhase section */
		0D610A991BFC20E600744B6B /* Sources */ = {
			isa = PBXSourcesBuildPhase;
			buildActionMask = 2147483647;
			files = (
				0D4362111C020BCD00B3CA87 /* FetchPhotoCell.m in Sources */,
				0DEE2A571C16731700ED8FBA /* UITableView+FDKeyedHeightCache.m in Sources */,
				0DC672541C1146D8006E5909 /* weiboCell.m in Sources */,
				0D3C164D1C1586C8005F9386 /* FetchArticleDetail.m in Sources */,
				0DB916C71C0E8E42002BEB41 /* showPhotoWithCollectionView.m in Sources */,
				0D3C16511C1586DA005F9386 /* Allarticles.m in Sources */,
				0DEE2A341C1672D400ED8FBA /* RAMCollectionViewFlemishBondLayout.m in Sources */,
				0D4362081C01C1A900B3CA87 /* FetchPhotoDetail.m in Sources */,
				0D4362191C02F68600B3CA87 /* FetchPhotoSummary.m in Sources */,
				0DEE2A581C16731700ED8FBA /* UITableView+FDTemplateLayoutCell.m in Sources */,
				0D6F3F901BFDAE3D00768688 /* CollectionCell.m in Sources */,
				0DC672501C1146A1006E5909 /* showWeiBo.m in Sources */,
				0DC6724B1C0FEB1D006E5909 /* FetchArticleSummaryCell.m in Sources */,
				0D3C164E1C1586C8005F9386 /* FetchArticleSummary.m in Sources */,
				0DEE2A591C16731700ED8FBA /* UITableView+FDTemplateLayoutCellDebug.m in Sources */,
				0DEE2A561C16731700ED8FBA /* UITableView+FDIndexPathHeightCache.m in Sources */,
				0D610AA61BFC20E600744B6B /* AppDelegate.m in Sources */,
				0DEE2A351C1672D400ED8FBA /* RAMCollectionViewFlemishBondLayoutAttributes.m in Sources */,
				0DB916CA1C0EEE3F002BEB41 /* showPhotoWithModalView.m in Sources */,
				0D610AA31BFC20E600744B6B /* main.m in Sources */,
			);
			runOnlyForDeploymentPostprocessing = 0;
		};
		0D610AB21BFC20E600744B6B /* Sources */ = {
			isa = PBXSourcesBuildPhase;
			buildActionMask = 2147483647;
			files = (
				0D610ABD1BFC20E600744B6B /* ZakerTests.m in Sources */,
			);
			runOnlyForDeploymentPostprocessing = 0;
		};
/* End PBXSourcesBuildPhase section */

/* Begin PBXTargetDependency section */
		0D610AB81BFC20E600744B6B /* PBXTargetDependency */ = {
			isa = PBXTargetDependency;
			target = 0D610A9C1BFC20E600744B6B /* Zaker */;
			targetProxy = 0D610AB71BFC20E600744B6B /* PBXContainerItemProxy */;
		};
/* End PBXTargetDependency section */

/* Begin PBXVariantGroup section */
		0D610AAF1BFC20E600744B6B /* LaunchScreen.xib */ = {
			isa = PBXVariantGroup;
			children = (
				0D610AB01BFC20E600744B6B /* Base */,
			);
			name = LaunchScreen.xib;
			sourceTree = "<group>";
		};
		0D6F3F4C1BFC7F1300768688 /* Main.storyboard */ = {
			isa = PBXVariantGroup;
			children = (
				0D6F3F4D1BFC7F1300768688 /* Base */,
			);
			name = Main.storyboard;
			sourceTree = "<group>";
		};
/* End PBXVariantGroup section */

/* Begin XCBuildConfiguration section */
		0D610ABE1BFC20E600744B6B /* Debug */ = {
			isa = XCBuildConfiguration;
			buildSettings = {
				ALWAYS_SEARCH_USER_PATHS = NO;
				CLANG_CXX_LANGUAGE_STANDARD = "gnu++0x";
				CLANG_CXX_LIBRARY = "libc++";
				CLANG_ENABLE_MODULES = YES;
				CLANG_ENABLE_OBJC_ARC = YES;
				CLANG_WARN_BOOL_CONVERSION = YES;
				CLANG_WARN_CONSTANT_CONVERSION = YES;
				CLANG_WARN_DIRECT_OBJC_ISA_USAGE = YES_ERROR;
				CLANG_WARN_EMPTY_BODY = YES;
				CLANG_WARN_ENUM_CONVERSION = YES;
				CLANG_WARN_INT_CONVERSION = YES;
				CLANG_WARN_OBJC_ROOT_CLASS = YES_ERROR;
				CLANG_WARN_UNREACHABLE_CODE = YES;
				CLANG_WARN__DUPLICATE_METHOD_MATCH = YES;
				"CODE_SIGN_IDENTITY[sdk=iphoneos*]" = "iPhone Developer";
				COPY_PHASE_STRIP = NO;
				DEBUG_INFORMATION_FORMAT = "dwarf-with-dsym";
				ENABLE_STRICT_OBJC_MSGSEND = YES;
				GCC_C_LANGUAGE_STANDARD = gnu99;
				GCC_DYNAMIC_NO_PIC = NO;
				GCC_NO_COMMON_BLOCKS = YES;
				GCC_OPTIMIZATION_LEVEL = 0;
				GCC_PREPROCESSOR_DEFINITIONS = (
					"DEBUG=1",
					"$(inherited)",
				);
				GCC_SYMBOLS_PRIVATE_EXTERN = NO;
				GCC_WARN_64_TO_32_BIT_CONVERSION = YES;
				GCC_WARN_ABOUT_RETURN_TYPE = YES_ERROR;
				GCC_WARN_UNDECLARED_SELECTOR = YES;
				GCC_WARN_UNINITIALIZED_AUTOS = YES_AGGRESSIVE;
				GCC_WARN_UNUSED_FUNCTION = YES;
				GCC_WARN_UNUSED_VARIABLE = YES;
				IPHONEOS_DEPLOYMENT_TARGET = 8.4;
				MTL_ENABLE_DEBUG_INFO = YES;
				ONLY_ACTIVE_ARCH = YES;
				SDKROOT = iphoneos;
				TARGETED_DEVICE_FAMILY = "1,2";
			};
			name = Debug;
		};
		0D610ABF1BFC20E600744B6B /* Release */ = {
			isa = XCBuildConfiguration;
			buildSettings = {
				ALWAYS_SEARCH_USER_PATHS = NO;
				CLANG_CXX_LANGUAGE_STANDARD = "gnu++0x";
				CLANG_CXX_LIBRARY = "libc++";
				CLANG_ENABLE_MODULES = YES;
				CLANG_ENABLE_OBJC_ARC = YES;
				CLANG_WARN_BOOL_CONVERSION = YES;
				CLANG_WARN_CONSTANT_CONVERSION = YES;
				CLANG_WARN_DIRECT_OBJC_ISA_USAGE = YES_ERROR;
				CLANG_WARN_EMPTY_BODY = YES;
				CLANG_WARN_ENUM_CONVERSION = YES;
				CLANG_WARN_INT_CONVERSION = YES;
				CLANG_WARN_OBJC_ROOT_CLASS = YES_ERROR;
				CLANG_WARN_UNREACHABLE_CODE = YES;
				CLANG_WARN__DUPLICATE_METHOD_MATCH = YES;
				"CODE_SIGN_IDENTITY[sdk=iphoneos*]" = "iPhone Developer";
				COPY_PHASE_STRIP = NO;
				DEBUG_INFORMATION_FORMAT = "dwarf-with-dsym";
				ENABLE_NS_ASSERTIONS = NO;
				ENABLE_STRICT_OBJC_MSGSEND = YES;
				GCC_C_LANGUAGE_STANDARD = gnu99;
				GCC_NO_COMMON_BLOCKS = YES;
				GCC_WARN_64_TO_32_BIT_CONVERSION = YES;
				GCC_WARN_ABOUT_RETURN_TYPE = YES_ERROR;
				GCC_WARN_UNDECLARED_SELECTOR = YES;
				GCC_WARN_UNINITIALIZED_AUTOS = YES_AGGRESSIVE;
				GCC_WARN_UNUSED_FUNCTION = YES;
				GCC_WARN_UNUSED_VARIABLE = YES;
				IPHONEOS_DEPLOYMENT_TARGET = 8.4;
				MTL_ENABLE_DEBUG_INFO = NO;
				SDKROOT = iphoneos;
				TARGETED_DEVICE_FAMILY = "1,2";
				VALIDATE_PRODUCT = YES;
			};
			name = Release;
		};
		0D610AC11BFC20E600744B6B /* Debug */ = {
			isa = XCBuildConfiguration;
			buildSettings = {
				ASSETCATALOG_COMPILER_APPICON_NAME = AppIcon;
				INFOPLIST_FILE = Zaker/Info.plist;
				IPHONEOS_DEPLOYMENT_TARGET = 8.0;
				LD_RUNPATH_SEARCH_PATHS = "$(inherited) @executable_path/Frameworks";
				PRODUCT_NAME = "$(TARGET_NAME)";
				USER_HEADER_SEARCH_PATHS = "${SRCROOT}/**";
			};
			name = Debug;
		};
		0D610AC21BFC20E600744B6B /* Release */ = {
			isa = XCBuildConfiguration;
			buildSettings = {
				ASSETCATALOG_COMPILER_APPICON_NAME = AppIcon;
				INFOPLIST_FILE = Zaker/Info.plist;
				IPHONEOS_DEPLOYMENT_TARGET = 8.0;
				LD_RUNPATH_SEARCH_PATHS = "$(inherited) @executable_path/Frameworks";
				PRODUCT_NAME = "$(TARGET_NAME)";
				USER_HEADER_SEARCH_PATHS = "${SRCROOT}/**";
			};
			name = Release;
		};
		0D610AC41BFC20E600744B6B /* Debug */ = {
			isa = XCBuildConfiguration;
			buildSettings = {
				BUNDLE_LOADER = "$(TEST_HOST)";
				FRAMEWORK_SEARCH_PATHS = (
					"$(SDKROOT)/Developer/Library/Frameworks",
					"$(inherited)",
				);
				GCC_PREPROCESSOR_DEFINITIONS = (
					"DEBUG=1",
					"$(inherited)",
				);
				INFOPLIST_FILE = ZakerTests/Info.plist;
				LD_RUNPATH_SEARCH_PATHS = "$(inherited) @executable_path/Frameworks @loader_path/Frameworks";
				PRODUCT_NAME = "$(TARGET_NAME)";
				TEST_HOST = "$(BUILT_PRODUCTS_DIR)/Zaker.app/Zaker";
			};
			name = Debug;
		};
		0D610AC51BFC20E600744B6B /* Release */ = {
			isa = XCBuildConfiguration;
			buildSettings = {
				BUNDLE_LOADER = "$(TEST_HOST)";
				FRAMEWORK_SEARCH_PATHS = (
					"$(SDKROOT)/Developer/Library/Frameworks",
					"$(inherited)",
				);
				INFOPLIST_FILE = ZakerTests/Info.plist;
				LD_RUNPATH_SEARCH_PATHS = "$(inherited) @executable_path/Frameworks @loader_path/Frameworks";
				PRODUCT_NAME = "$(TARGET_NAME)";
				TEST_HOST = "$(BUILT_PRODUCTS_DIR)/Zaker.app/Zaker";
			};
			name = Release;
		};
/* End XCBuildConfiguration section */

/* Begin XCConfigurationList section */
		0D610A981BFC20E600744B6B /* Build configuration list for PBXProject "Zaker" */ = {
			isa = XCConfigurationList;
			buildConfigurations = (
				0D610ABE1BFC20E600744B6B /* Debug */,
				0D610ABF1BFC20E600744B6B /* Release */,
			);
			defaultConfigurationIsVisible = 0;
			defaultConfigurationName = Release;
		};
		0D610AC01BFC20E600744B6B /* Build configuration list for PBXNativeTarget "Zaker" */ = {
			isa = XCConfigurationList;
			buildConfigurations = (
				0D610AC11BFC20E600744B6B /* Debug */,
				0D610AC21BFC20E600744B6B /* Release */,
			);
			defaultConfigurationIsVisible = 0;
			defaultConfigurationName = Release;
		};
		0D610AC31BFC20E600744B6B /* Build configuration list for PBXNativeTarget "ZakerTests" */ = {
			isa = XCConfigurationList;
			buildConfigurations = (
				0D610AC41BFC20E600744B6B /* Debug */,
				0D610AC51BFC20E600744B6B /* Release */,
			);
			defaultConfigurationIsVisible = 0;
			defaultConfigurationName = Release;
		};
/* End XCConfigurationList section */
	};
	rootObject = 0D610A951BFC20E500744B6B /* Project object */;
}
